
Microsoft Visual Studio Solution File, Format Version 12.00
# Visual Studio Version 17
VisualStudioVersion = 17.2.32414.248
MinimumVisualStudioVersion = 10.0.40219.1
Project("{2150E333-8FDC-42A3-9474-1A3956D46DE8}") = "Modules", "Modules", "{BCA9B51E-550A-4A84-B260-5A03D2AA6D52}"
EndProject
Project("{2150E333-8FDC-42A3-9474-1A3956D46DE8}") = "Extensions", "Extensions", "{8B4CEF79-AFF7-4918-82B9-FDEC02471DF7}"
EndProject
Project("{2150E333-8FDC-42A3-9474-1A3956D46DE8}") = "Wizard", "Wizard", "{A55146B1-FFE0-43A6-B96C-73DE4E831016}"
EndProject
Project("{2150E333-8FDC-42A3-9474-1A3956D46DE8}") = "LowCode", "LowCode", "{704D3E79-D155-426F-B7EA-07879BC976B8}"
EndProject
Project("{FAE04EC0-301F-11D3-BF4B-00C04F79EFBC}") = "Sparrow.LowCodeAnalysis", "Extensions\LowCode\Sparrow.LowCodeAnalysis\Sparrow.LowCodeAnalysis.csproj", "{13E578B3-8623-4616-BAC6-47385CBD8189}"
EndProject
Project("{2150E333-8FDC-42A3-9474-1A3956D46DE8}") = "UnitTest", "UnitTest", "{C3C2205F-411F-4BEA-A54F-70381297F88B}"
EndProject
Global
	GlobalSection(SolutionConfigurationPlatforms) = preSolution
		Debug|Any CPU = Debug|Any CPU
		Release|Any CPU = Release|Any CPU
	EndGlobalSection
	GlobalSection(ProjectConfigurationPlatforms) = postSolution
		{13E578B3-8623-4616-BAC6-47385CBD8189}.Debug|Any CPU.ActiveCfg = Debug|Any CPU
		{13E578B3-8623-4616-BAC6-47385CBD8189}.Debug|Any CPU.Build.0 = Debug|Any CPU
		{13E578B3-8623-4616-BAC6-47385CBD8189}.Release|Any CPU.ActiveCfg = Release|Any CPU
		{13E578B3-8623-4616-BAC6-47385CBD8189}.Release|Any CPU.Build.0 = Release|Any CPU
	EndGlobalSection
	GlobalSection(SolutionProperties) = preSolution
		HideSolutionNode = FALSE
	EndGlobalSection
	GlobalSection(NestedProjects) = preSolution
		{A55146B1-FFE0-43A6-B96C-73DE4E831016} = {BCA9B51E-550A-4A84-B260-5A03D2AA6D52}
		{704D3E79-D155-426F-B7EA-07879BC976B8} = {8B4CEF79-AFF7-4918-82B9-FDEC02471DF7}
		{13E578B3-8623-4616-BAC6-47385CBD8189} = {704D3E79-D155-426F-B7EA-07879BC976B8}
		{C3C2205F-411F-4BEA-A54F-70381297F88B} = {704D3E79-D155-426F-B7EA-07879BC976B8}
	EndGlobalSection
	GlobalSection(ExtensibilityGlobals) = postSolution
		SolutionGuid = {D77C0AD2-893F-499D-B85E-1EE1F0191884}
	EndGlobalSection
EndGlobal
